{
  "requires": true,
  "lockfileVersion": 1,
  "dependencies": {
    "@types/node": {
      "version": "14.14.7",
      "resolved": "https://registry.npmjs.org/@types/node/-/node-14.14.7.tgz",
      "integrity": "sha512-Zw1vhUSQZYw+7u5dAwNbIA9TuTotpzY/OF7sJM9FqPOF3SPjKnxrjoTktXDZgUjybf4cWVBP7O8wvKdSaGHweg==",
      "dev": true
    },
    "basic-ftp": {
      "version": "4.6.3",
      "resolved": "https://registry.npmjs.org/basic-ftp/-/basic-ftp-4.6.3.tgz",
      "integrity": "sha512-u/zMus8UacMmsxko3szgmuMYaf7pvYV/k/rMJb1I9RCByURWaVP7/jii/8cvPWF3Co7qqBgwRMhyI5vg727OhA=="
    }
  }
}
